
Microsoft Visual Studio Solution File, Format Version 12.00
# Visual Studio Version 17
VisualStudioVersion = 17.8.34316.72
MinimumVisualStudioVersion = 10.0.40219.1
Project("{FAE04EC0-301F-11D3-BF4B-00C04F79EFBC}") = "Sample_0", "Sample_0\Sample_0.csproj", "{36354F1F-84D2-49D3-AEA5-088893C7CA5C}"
EndProject
Global
	GlobalSection(SolutionConfigurationPlatforms) = preSolution
		Debug|Any CPU = Debug|Any CPU
		Release|Any CPU = Release|Any CPU
	EndGlobalSection
	GlobalSection(ProjectConfigurationPlatforms) = postSolution
		{36354F1F-84D2-49D3-AEA5-088893C7CA5C}.Debug|Any CPU.ActiveCfg = Debug|Any CPU
		{36354F1F-84D2-49D3-AEA5-088893C7CA5C}.Debug|Any CPU.Build.0 = Debug|Any CPU
		{36354F1F-84D2-49D3-AEA5-088893C7CA5C}.Release|Any CPU.ActiveCfg = Release|Any CPU
		{36354F1F-84D2-49D3-AEA5-088893C7CA5C}.Release|Any CPU.Build.0 = Release|Any CPU
	EndGlobalSection
	GlobalSection(SolutionProperties) = preSolution
		HideSolutionNode = FALSE
	EndGlobalSection
	GlobalSection(ExtensibilityGlobals) = postSolution
		SolutionGuid = {F4DF0CD7-4474-43B4-A1E2-886E846F888E}
	EndGlobalSection
EndGlobal
